// !$*UTF8*$!
{
	archiveVersion = 1;
	classes = {
	};
	objectVersion = 46;
	objects = {

/* Begin PBXBuildFile section */
		8E4671FF1A12BAAD006E7F14 /* HomeController.swift in Sources */ = {isa = PBXBuildFile; fileRef = 8E4671FE1A12BAAD006E7F14 /* HomeController.swift */; };
		8E4672011A12BB1E006E7F14 /* WorkoutSelectionController.swift in Sources */ = {isa = PBXBuildFile; fileRef = 8E4672001A12BB1E006E7F14 /* WorkoutSelectionController.swift */; };
		8E4672031A12BB45006E7F14 /* AcceptedWorkoutController.swift in Sources */ = {isa = PBXBuildFile; fileRef = 8E4672021A12BB45006E7F14 /* AcceptedWorkoutController.swift */; };
		8E4672051A12BB55006E7F14 /* CustomizeController.swift in Sources */ = {isa = PBXBuildFile; fileRef = 8E4672041A12BB55006E7F14 /* CustomizeController.swift */; };
		8E9AEC851A12850D00B2F870 /* AppDelegate.swift in Sources */ = {isa = PBXBuildFile; fileRef = 8E9AEC841A12850D00B2F870 /* AppDelegate.swift */; };
		8E9AEC871A12850D00B2F870 /* ViewController.swift in Sources */ = {isa = PBXBuildFile; fileRef = 8E9AEC861A12850D00B2F870 /* ViewController.swift */; };
		8E9AEC8A1A12850D00B2F870 /* Main.storyboard in Resources */ = {isa = PBXBuildFile; fileRef = 8E9AEC881A12850D00B2F870 /* Main.storyboard */; };
		8E9AEC8C1A12850D00B2F870 /* Images.xcassets in Resources */ = {isa = PBXBuildFile; fileRef = 8E9AEC8B1A12850D00B2F870 /* Images.xcassets */; };
		8E9AEC8F1A12850D00B2F870 /* LaunchScreen.xib in Resources */ = {isa = PBXBuildFile; fileRef = 8E9AEC8D1A12850D00B2F870 /* LaunchScreen.xib */; };
		8E9AEC9B1A12850D00B2F870 /* Fit_InTests.swift in Sources */ = {isa = PBXBuildFile; fileRef = 8E9AEC9A1A12850D00B2F870 /* Fit_InTests.swift */; };
/* End PBXBuildFile section */

/* Begin PBXContainerItemProxy section */
		8E9AEC951A12850D00B2F870 /* PBXContainerItemProxy */ = {
			isa = PBXContainerItemProxy;
			containerPortal = 8E9AEC771A12850D00B2F870 /* Project object */;
			proxyType = 1;
			remoteGlobalIDString = 8E9AEC7E1A12850D00B2F870;
			remoteInfo = "Fit In";
		};
/* End PBXContainerItemProxy section */

/* Begin PBXFileReference section */
		8E4671FE1A12BAAD006E7F14 /* HomeController.swift */ = {isa = PBXFileReference; fileEncoding = 4; lastKnownFileType = sourcecode.swift; path = HomeController.swift; sourceTree = "<group>"; };
		8E4672001A12BB1E006E7F14 /* WorkoutSelectionController.swift */ = {isa = PBXFileReference; fileEncoding = 4; lastKnownFileType = sourcecode.swift; path = WorkoutSelectionController.swift; sourceTree = "<group>"; };
		8E4672021A12BB45006E7F14 /* AcceptedWorkoutController.swift */ = {isa = PBXFileReference; fileEncoding = 4; lastKnownFileType = sourcecode.swift; path = AcceptedWorkoutController.swift; sourceTree = "<group>"; };
		8E4672041A12BB55006E7F14 /* CustomizeController.swift */ = {isa = PBXFileReference; fileEncoding = 4; lastKnownFileType = sourcecode.swift; path = CustomizeController.swift; sourceTree = "<group>"; };
		8E9AEC7F1A12850D00B2F870 /* Fit In.app */ = {isa = PBXFileReference; explicitFileType = wrapper.application; includeInIndex = 0; path = "Fit In.app"; sourceTree = BUILT_PRODUCTS_DIR; };
		8E9AEC831A12850D00B2F870 /* Info.plist */ = {isa = PBXFileReference; lastKnownFileType = text.plist.xml; path = Info.plist; sourceTree = "<group>"; };
		8E9AEC841A12850D00B2F870 /* AppDelegate.swift */ = {isa = PBXFileReference; lastKnownFileType = sourcecode.swift; path = AppDelegate.swift; sourceTree = "<group>"; };
		8E9AEC861A12850D00B2F870 /* ViewController.swift */ = {isa = PBXFileReference; lastKnownFileType = sourcecode.swift; path = ViewController.swift; sourceTree = "<group>"; };
		8E9AEC891A12850D00B2F870 /* Base */ = {isa = PBXFileReference; lastKnownFileType = file.storyboard; name = Base; path = Base.lproj/Main.storyboard; sourceTree = "<group>"; };
		8E9AEC8B1A12850D00B2F870 /* Images.xcassets */ = {isa = PBXFileReference; lastKnownFileType = folder.assetcatalog; path = Images.xcassets; sourceTree = "<group>"; };
		8E9AEC8E1A12850D00B2F870 /* Base */ = {isa = PBXFileReference; lastKnownFileType = file.xib; name = Base; path = Base.lproj/LaunchScreen.xib; sourceTree = "<group>"; };
		8E9AEC941A12850D00B2F870 /* Fit InTests.xctest */ = {isa = PBXFileReference; explicitFileType = wrapper.cfbundle; includeInIndex = 0; path = "Fit InTests.xctest"; sourceTree = BUILT_PRODUCTS_DIR; };
		8E9AEC991A12850D00B2F870 /* Info.plist */ = {isa = PBXFileReference; lastKnownFileType = text.plist.xml; path = Info.plist; sourceTree = "<group>"; };
		8E9AEC9A1A12850D00B2F870 /* Fit_InTests.swift */ = {isa = PBXFileReference; lastKnownFileType = sourcecode.swift; path = Fit_InTests.swift; sourceTree = "<group>"; };
/* End PBXFileReference section */

/* Begin PBXFrameworksBuildPhase section */
		8E9AEC7C1A12850D00B2F870 /* Frameworks */ = {
			isa = PBXFrameworksBuildPhase;
			buildActionMask = 2147483647;
			files = (
			);
			runOnlyForDeploymentPostprocessing = 0;
		};
		8E9AEC911A12850D00B2F870 /* Frameworks */ = {
			isa = PBXFrameworksBuildPhase;
			buildActionMask = 2147483647;
			files = (
			);
			runOnlyForDeploymentPostprocessing = 0;
		};
/* End PBXFrameworksBuildPhase section */

/* Begin PBXGroup section */
		8E9AEC761A12850D00B2F870 = {
			isa = PBXGroup;
			children = (
				8E9AEC811A12850D00B2F870 /* Fit In */,
				8E9AEC971A12850D00B2F870 /* Fit InTests */,
				8E9AEC801A12850D00B2F870 /* Products */,
			);
			sourceTree = "<group>";
		};
		8E9AEC801A12850D00B2F870 /* Products */ = {
			isa = PBXGroup;
			children = (
				8E9AEC7F1A12850D00B2F870 /* Fit In.app */,
				8E9AEC941A12850D00B2F870 /* Fit InTests.xctest */,
			);
			name = Products;
			sourceTree = "<group>";
		};
		8E9AEC811A12850D00B2F870 /* Fit In */ = {
			isa = PBXGroup;
			children = (
				8E9AEC841A12850D00B2F870 /* AppDelegate.swift */,
				8E9AEC861A12850D00B2F870 /* ViewController.swift */,
				8E9AEC881A12850D00B2F870 /* Main.storyboard */,
				8E4672001A12BB1E006E7F14 /* WorkoutSelectionController.swift */,
				8E4672021A12BB45006E7F14 /* AcceptedWorkoutController.swift */,
				8E4672041A12BB55006E7F14 /* CustomizeController.swift */,
				8E4671FE1A12BAAD006E7F14 /* HomeController.swift */,
				8E9AEC8B1A12850D00B2F870 /* Images.xcassets */,
				8E9AEC8D1A12850D00B2F870 /* LaunchScreen.xib */,
				8E9AEC821A12850D00B2F870 /* Supporting Files */,
			);
			path = "Fit In";
			sourceTree = "<group>";
		};
		8E9AEC821A12850D00B2F870 /* Supporting Files */ = {
			isa = PBXGroup;
			children = (
				8E9AEC831A12850D00B2F870 /* Info.plist */,
			);
			name = "Supporting Files";
			sourceTree = "<group>";
		};
		8E9AEC971A12850D00B2F870 /* Fit InTests */ = {
			isa = PBXGroup;
			children = (
				8E9AEC9A1A12850D00B2F870 /* Fit_InTests.swift */,
				8E9AEC981A12850D00B2F870 /* Supporting Files */,
			);
			path = "Fit InTests";
			sourceTree = "<group>";
		};
		8E9AEC981A12850D00B2F870 /* Supporting Files */ = {
			isa = PBXGroup;
			children = (
				8E9AEC991A12850D00B2F870 /* Info.plist */,
			);
			name = "Supporting Files";
			sourceTree = "<group>";
		};
/* End PBXGroup section */

/* Begin PBXNativeTarget section */
		8E9AEC7E1A12850D00B2F870 /* Fit In */ = {
			isa = PBXNativeTarget;
			buildConfigurationList = 8E9AEC9E1A12850D00B2F870 /* Build configuration list for PBXNativeTarget "Fit In" */;
			buildPhases = (
				8E9AEC7B1A12850D00B2F870 /* Sources */,
				8E9AEC7C1A12850D00B2F870 /* Frameworks */,
				8E9AEC7D1A12850D00B2F870 /* Resources */,
			);
			buildRules = (
			);
			dependencies = (
			);
			name = "Fit In";
			productName = "Fit In";
			productReference = 8E9AEC7F1A12850D00B2F870 /* Fit In.app */;
			productType = "com.apple.product-type.application";
		};
		8E9AEC931A12850D00B2F870 /* Fit InTests */ = {
			isa = PBXNativeTarget;
			buildConfigurationList = 8E9AECA11A12850D00B2F870 /* Build configuration list for PBXNativeTarget "Fit InTests" */;
			buildPhases = (
				8E9AEC901A12850D00B2F870 /* Sources */,
				8E9AEC911A12850D00B2F870 /* Frameworks */,
				8E9AEC921A12850D00B2F870 /* Resources */,
			);
			buildRules = (
			);
			dependencies = (
				8E9AEC961A12850D00B2F870 /* PBXTargetDependency */,
			);
			name = "Fit InTests";
			productName = "Fit InTests";
			productReference = 8E9AEC941A12850D00B2F870 /* Fit InTests.xctest */;
			productType = "com.apple.product-type.bundle.unit-test";
		};
/* End PBXNativeTarget section */

/* Begin PBXProject section */
		8E9AEC771A12850D00B2F870 /* Project object */ = {
			isa = PBXProject;
			attributes = {
				LastUpgradeCheck = 0610;
				ORGANIZATIONNAME = "Lexus LLC";
				TargetAttributes = {
					8E9AEC7E1A12850D00B2F870 = {
						CreatedOnToolsVersion = 6.1;
					};
					8E9AEC931A12850D00B2F870 = {
						CreatedOnToolsVersion = 6.1;
						TestTargetID = 8E9AEC7E1A12850D00B2F870;
					};
				};
			};
			buildConfigurationList = 8E9AEC7A1A12850D00B2F870 /* Build configuration list for PBXProject "Fit In" */;
			compatibilityVersion = "Xcode 3.2";
			developmentRegion = English;
			hasScannedForEncodings = 0;
			knownRegions = (
				en,
				Base,
			);
			mainGroup = 8E9AEC761A12850D00B2F870;
			productRefGroup = 8E9AEC801A12850D00B2F870 /* Products */;
			projectDirPath = "";
			projectRoot = "";
			targets = (
				8E9AEC7E1A12850D00B2F870 /* Fit In */,
				8E9AEC931A12850D00B2F870 /* Fit InTests */,
			);
		};
/* End PBXProject section */

/* Begin PBXResourcesBuildPhase section */
		8E9AEC7D1A12850D00B2F870 /* Resources */ = {
			isa = PBXResourcesBuildPhase;
			buildActionMask = 2147483647;
			files = (
				8E9AEC8A1A12850D00B2F870 /* Main.storyboard in Resources */,
				8E9AEC8F1A12850D00B2F870 /* LaunchScreen.xib in Resources */,
				8E9AEC8C1A12850D00B2F870 /* Images.xcassets in Resources */,
			);
			runOnlyForDeploymentPostprocessing = 0;
		};
		8E9AEC921A12850D00B2F870 /* Resources */ = {
			isa = PBXResourcesBuildPhase;
			buildActionMask = 2147483647;
			files = (
			);
			runOnlyForDeploymentPostprocessing = 0;
		};
/* End PBXResourcesBuildPhase section */

/* Begin PBXSourcesBuildPhase section */
		8E9AEC7B1A12850D00B2F870 /* Sources */ = {
			isa = PBXSourcesBuildPhase;
			buildActionMask = 2147483647;
			files = (
				8E4672011A12BB1E006E7F14 /* WorkoutSelectionController.swift in Sources */,
				8E4672051A12BB55006E7F14 /* CustomizeController.swift in Sources */,
				8E9AEC871A12850D00B2F870 /* ViewController.swift in Sources */,
				8E9AEC851A12850D00B2F870 /* AppDelegate.swift in Sources */,
				8E4672031A12BB45006E7F14 /* AcceptedWorkoutController.swift in Sources */,
				8E4671FF1A12BAAD006E7F14 /* HomeController.swift in Sources */,
			);
			runOnlyForDeploymentPostprocessing = 0;
		};
		8E9AEC901A12850D00B2F870 /* Sources */ = {
			isa = PBXSourcesBuildPhase;
			buildActionMask = 2147483647;
			files = (
				8E9AEC9B1A12850D00B2F870 /* Fit_InTests.swift in Sources */,
			);
			runOnlyForDeploymentPostprocessing = 0;
		};
/* End PBXSourcesBuildPhase section */

/* Begin PBXTargetDependency section */
		8E9AEC961A12850D00B2F870 /* PBXTargetDependency */ = {
			isa = PBXTargetDependency;
			target = 8E9AEC7E1A12850D00B2F870 /* Fit In */;
			targetProxy = 8E9AEC951A12850D00B2F870 /* PBXContainerItemProxy */;
		};
/* End PBXTargetDependency section */

/* Begin PBXVariantGroup section */
		8E9AEC881A12850D00B2F870 /* Main.storyboard */ = {
			isa = PBXVariantGroup;
			children = (
				8E9AEC891A12850D00B2F870 /* Base */,
			);
			name = Main.storyboard;
			sourceTree = "<group>";
		};
		8E9AEC8D1A12850D00B2F870 /* LaunchScreen.xib */ = {
			isa = PBXVariantGroup;
			children = (
				8E9AEC8E1A12850D00B2F870 /* Base */,
			);
			name = LaunchScreen.xib;
			sourceTree = "<group>";
		};
/* End PBXVariantGroup section */

/* Begin XCBuildConfiguration section */
		8E9AEC9C1A12850D00B2F870 /* Debug */ = {
			isa = XCBuildConfiguration;
			buildSettings = {
				ALWAYS_SEARCH_USER_PATHS = NO;
				CLANG_CXX_LANGUAGE_STANDARD = "gnu++0x";
				CLANG_CXX_LIBRARY = "libc++";
				CLANG_ENABLE_MODULES = YES;
				CLANG_ENABLE_OBJC_ARC = YES;
				CLANG_WARN_BOOL_CONVERSION = YES;
				CLANG_WARN_CONSTANT_CONVERSION = YES;
				CLANG_WARN_DIRECT_OBJC_ISA_USAGE = YES_ERROR;
				CLANG_WARN_EMPTY_BODY = YES;
				CLANG_WARN_ENUM_CONVERSION = YES;
				CLANG_WARN_INT_CONVERSION = YES;
				CLANG_WARN_OBJC_ROOT_CLASS = YES_ERROR;
				CLANG_WARN_UNREACHABLE_CODE = YES;
				CLANG_WARN__DUPLICATE_METHOD_MATCH = YES;
				"CODE_SIGN_IDENTITY[sdk=iphoneos*]" = "iPhone Developer";
				COPY_PHASE_STRIP = NO;
				ENABLE_STRICT_OBJC_MSGSEND = YES;
				GCC_C_LANGUAGE_STANDARD = gnu99;
				GCC_DYNAMIC_NO_PIC = NO;
				GCC_OPTIMIZATION_LEVEL = 0;
				GCC_PREPROCESSOR_DEFINITIONS = (
					"DEBUG=1",
					"$(inherited)",
				);
				GCC_SYMBOLS_PRIVATE_EXTERN = NO;
				GCC_WARN_64_TO_32_BIT_CONVERSION = YES;
				GCC_WARN_ABOUT_RETURN_TYPE = YES_ERROR;
				GCC_WARN_UNDECLARED_SELECTOR = YES;
				GCC_WARN_UNINITIALIZED_AUTOS = YES_AGGRESSIVE;
				GCC_WARN_UNUSED_FUNCTION = YES;
				GCC_WARN_UNUSED_VARIABLE = YES;
				IPHONEOS_DEPLOYMENT_TARGET = 8.1;
				MTL_ENABLE_DEBUG_INFO = YES;
				ONLY_ACTIVE_ARCH = YES;
				SDKROOT = iphoneos;
				SWIFT_OPTIMIZATION_LEVEL = "-Onone";
			};
			name = Debug;
		};
		8E9AEC9D1A12850D00B2F870 /* Release */ = {
			isa = XCBuildConfiguration;
			buildSettings = {
				ALWAYS_SEARCH_USER_PATHS = NO;
				CLANG_CXX_LANGUAGE_STANDARD = "gnu++0x";
				CLANG_CXX_LIBRARY = "libc++";
				CLANG_ENABLE_MODULES = YES;
				CLANG_ENABLE_OBJC_ARC = YES;
				CLANG_WARN_BOOL_CONVERSION = YES;
				CLANG_WARN_CONSTANT_CONVERSION = YES;
				CLANG_WARN_DIRECT_OBJC_ISA_USAGE = YES_ERROR;
				CLANG_WARN_EMPTY_BODY = YES;
				CLANG_WARN_ENUM_CONVERSION = YES;
				CLANG_WARN_INT_CONVERSION = YES;
				CLANG_WARN_OBJC_ROOT_CLASS = YES_ERROR;
				CLANG_WARN_UNREACHABLE_CODE = YES;
				CLANG_WARN__DUPLICATE_METHOD_MATCH = YES;
				"CODE_SIGN_IDENTITY[sdk=iphoneos*]" = "iPhone Developer";
				COPY_PHASE_STRIP = YES;
				ENABLE_NS_ASSERTIONS = NO;
				ENABLE_STRICT_OBJC_MSGSEND = YES;
				GCC_C_LANGUAGE_STANDARD = gnu99;
				GCC_WARN_64_TO_32_BIT_CONVERSION = YES;
				GCC_WARN_ABOUT_RETURN_TYPE = YES_ERROR;
				GCC_WARN_UNDECLARED_SELECTOR = YES;
				GCC_WARN_UNINITIALIZED_AUTOS = YES_AGGRESSIVE;
				GCC_WARN_UNUSED_FUNCTION = YES;
				GCC_WARN_UNUSED_VARIABLE = YES;
				IPHONEOS_DEPLOYMENT_TARGET = 8.1;
				MTL_ENABLE_DEBUG_INFO = NO;
				SDKROOT = iphoneos;
				VALIDATE_PRODUCT = YES;
			};
			name = Release;
		};
		8E9AEC9F1A12850D00B2F870 /* Debug */ = {
			isa = XCBuildConfiguration;
			buildSettings = {
				ASSETCATALOG_COMPILER_APPICON_NAME = AppIcon;
				INFOPLIST_FILE = "Fit In/Info.plist";
				LD_RUNPATH_SEARCH_PATHS = "$(inherited) @executable_path/Frameworks";
				PRODUCT_NAME = "$(TARGET_NAME)";
			};
			name = Debug;
		};
		8E9AECA01A12850D00B2F870 /* Release */ = {
			isa = XCBuildConfiguration;
			buildSettings = {
				ASSETCATALOG_COMPILER_APPICON_NAME = AppIcon;
				INFOPLIST_FILE = "Fit In/Info.plist";
				LD_RUNPATH_SEARCH_PATHS = "$(inherited) @executable_path/Frameworks";
				PRODUCT_NAME = "$(TARGET_NAME)";
			};
			name = Release;
		};
		8E9AECA21A12850D00B2F870 /* Debug */ = {
			isa = XCBuildConfiguration;
			buildSettings = {
				BUNDLE_LOADER = "$(TEST_HOST)";
				FRAMEWORK_SEARCH_PATHS = (
					"$(SDKROOT)/Developer/Library/Frameworks",
					"$(inherited)",
				);
				GCC_PREPROCESSOR_DEFINITIONS = (
					"DEBUG=1",
					"$(inherited)",
				);
				INFOPLIST_FILE = "Fit InTests/Info.plist";
				LD_RUNPATH_SEARCH_PATHS = "$(inherited) @executable_path/Frameworks @loader_path/Frameworks";
				PRODUCT_NAME = "$(TARGET_NAME)";
				TEST_HOST = "$(BUILT_PRODUCTS_DIR)/Fit In.app/Fit In";
			};
			name = Debug;
		};
		8E9AECA31A12850D00B2F870 /* Release */ = {
			isa = XCBuildConfiguration;
			buildSettings = {
				BUNDLE_LOADER = "$(TEST_HOST)";
				FRAMEWORK_SEARCH_PATHS = (
					"$(SDKROOT)/Developer/Library/Frameworks",
					"$(inherited)",
				);
				INFOPLIST_FILE = "Fit InTests/Info.plist";
				LD_RUNPATH_SEARCH_PATHS = "$(inherited) @executable_path/Frameworks @loader_path/Frameworks";
				PRODUCT_NAME = "$(TARGET_NAME)";
				TEST_HOST = "$(BUILT_PRODUCTS_DIR)/Fit In.app/Fit In";
			};
			name = Release;
		};
/* End XCBuildConfiguration section */

/* Begin XCConfigurationList section */
		8E9AEC7A1A12850D00B2F870 /* Build configuration list for PBXProject "Fit In" */ = {
			isa = XCConfigurationList;
			buildConfigurations = (
				8E9AEC9C1A12850D00B2F870 /* Debug */,
				8E9AEC9D1A12850D00B2F870 /* Release */,
			);
			defaultConfigurationIsVisible = 0;
			defaultConfigurationName = Release;
		};
		8E9AEC9E1A12850D00B2F870 /* Build configuration list for PBXNativeTarget "Fit In" */ = {
			isa = XCConfigurationList;
			buildConfigurations = (
				8E9AEC9F1A12850D00B2F870 /* Debug */,
				8E9AECA01A12850D00B2F870 /* Release */,
			);
			defaultConfigurationIsVisible = 0;
			defaultConfigurationName = Release;
		};
		8E9AECA11A12850D00B2F870 /* Build configuration list for PBXNativeTarget "Fit InTests" */ = {
			isa = XCConfigurationList;
			buildConfigurations = (
				8E9AECA21A12850D00B2F870 /* Debug */,
				8E9AECA31A12850D00B2F870 /* Release */,
			);
			defaultConfigurationIsVisible = 0;
			defaultConfigurationName = Release;
		};
/* End XCConfigurationList section */
	};
	rootObject = 8E9AEC771A12850D00B2F870 /* Project object */;
}
